
Microsoft Visual Studio Solution File, Format Version 12.00
# Visual Studio 2013
VisualStudioVersion = 12.0.40629.0
MinimumVisualStudioVersion = 10.0.40219.1
Project("{FAE04EC0-301F-11D3-BF4B-00C04F79EFBC}") = "eVision.Language", "eVision.Language.csproj", "{2BF1F649-8F77-41DE-8991-16A08D0BB34C}"
EndProject
Project("{FAE04EC0-301F-11D3-BF4B-00C04F79EFBC}") = "eVision.Language.Rig", "..\eVision.Language.Rig\eVision.Language.Rig.csproj", "{2B61CA11-44C9-4C3F-80AF-D7ED6E3F6026}"
	ProjectSection(ProjectDependencies) = postProject
		{2BF1F649-8F77-41DE-8991-16A08D0BB34C} = {2BF1F649-8F77-41DE-8991-16A08D0BB34C}
	EndProjectSection
EndProject
Global
	GlobalSection(SolutionConfigurationPlatforms) = preSolution
		Debug|Any CPU = Debug|Any CPU
		Release|Any CPU = Release|Any CPU
	EndGlobalSection
	GlobalSection(ProjectConfigurationPlatforms) = postSolution
		{2BF1F649-8F77-41DE-8991-16A08D0BB34C}.Debug|Any CPU.ActiveCfg = Debug|Any CPU
		{2BF1F649-8F77-41DE-8991-16A08D0BB34C}.Debug|Any CPU.Build.0 = Debug|Any CPU
		{2BF1F649-8F77-41DE-8991-16A08D0BB34C}.Release|Any CPU.ActiveCfg = Release|Any CPU
		{2BF1F649-8F77-41DE-8991-16A08D0BB34C}.Release|Any CPU.Build.0 = Release|Any CPU
		{2B61CA11-44C9-4C3F-80AF-D7ED6E3F6026}.Debug|Any CPU.ActiveCfg = Debug|Any CPU
		{2B61CA11-44C9-4C3F-80AF-D7ED6E3F6026}.Debug|Any CPU.Build.0 = Debug|Any CPU
		{2B61CA11-44C9-4C3F-80AF-D7ED6E3F6026}.Release|Any CPU.ActiveCfg = Release|Any CPU
		{2B61CA11-44C9-4C3F-80AF-D7ED6E3F6026}.Release|Any CPU.Build.0 = Release|Any CPU
	EndGlobalSection
	GlobalSection(SolutionProperties) = preSolution
		HideSolutionNode = FALSE
	EndGlobalSection
EndGlobal
